
Microsoft Visual Studio Solution File, Format Version 12.00
# Visual Studio Version 16
VisualStudioVersion = 16.0.31205.134
MinimumVisualStudioVersion = 10.0.40219.1
Project("{FAE04EC0-301F-11D3-BF4B-00C04F79EFBC}") = "bank", "bank\bank.csproj", "{5B6DE688-2D1C-42AB-A888-97030320DC45}"
EndProject
Global
	GlobalSection(SolutionConfigurationPlatforms) = preSolution
		Debug|Any CPU = Debug|Any CPU
		Release|Any CPU = Release|Any CPU
	EndGlobalSection
	GlobalSection(ProjectConfigurationPlatforms) = postSolution
		{5B6DE688-2D1C-42AB-A888-97030320DC45}.Debug|Any CPU.ActiveCfg = Debug|Any CPU
		{5B6DE688-2D1C-42AB-A888-97030320DC45}.Debug|Any CPU.Build.0 = Debug|Any CPU
		{5B6DE688-2D1C-42AB-A888-97030320DC45}.Release|Any CPU.ActiveCfg = Release|Any CPU
		{5B6DE688-2D1C-42AB-A888-97030320DC45}.Release|Any CPU.Build.0 = Release|Any CPU
	EndGlobalSection
	GlobalSection(SolutionProperties) = preSolution
		HideSolutionNode = FALSE
	EndGlobalSection
	GlobalSection(ExtensibilityGlobals) = postSolution
		SolutionGuid = {FF1F83DB-5981-4485-973D-370687DFFF7E}
	EndGlobalSection
EndGlobal
